
Microsoft Visual Studio Solution File, Format Version 12.00
# Visual Studio Version 17
VisualStudioVersion = 17.5.33530.505
MinimumVisualStudioVersion = 10.0.40219.1
Project("{FAE04EC0-301F-11D3-BF4B-00C04F79EFBC}") = "EntityFramewokCoreProject", "EntityFramewokCoreProject\EntityFramewokCoreProject.csproj", "{69305E3C-A908-44BB-9A96-4139C1A4BC2C}"
EndProject
Project("{FAE04EC0-301F-11D3-BF4B-00C04F79EFBC}") = "DataAccess", "DataAccess\DataAccess.csproj", "{BDD4A02C-3D38-4E70-8A43-4F60C57430F6}"
EndProject
Project("{FAE04EC0-301F-11D3-BF4B-00C04F79EFBC}") = "DataModel", "DataModel\DataModel.csproj", "{735AEB70-DBEE-4B6E-8710-94DBD386FECE}"
EndProject
Global
	GlobalSection(SolutionConfigurationPlatforms) = preSolution
		Debug|Any CPU = Debug|Any CPU
		Release|Any CPU = Release|Any CPU
	EndGlobalSection
	GlobalSection(ProjectConfigurationPlatforms) = postSolution
		{69305E3C-A908-44BB-9A96-4139C1A4BC2C}.Debug|Any CPU.ActiveCfg = Debug|Any CPU
		{69305E3C-A908-44BB-9A96-4139C1A4BC2C}.Debug|Any CPU.Build.0 = Debug|Any CPU
		{69305E3C-A908-44BB-9A96-4139C1A4BC2C}.Release|Any CPU.ActiveCfg = Release|Any CPU
		{69305E3C-A908-44BB-9A96-4139C1A4BC2C}.Release|Any CPU.Build.0 = Release|Any CPU
		{BDD4A02C-3D38-4E70-8A43-4F60C57430F6}.Debug|Any CPU.ActiveCfg = Debug|Any CPU
		{BDD4A02C-3D38-4E70-8A43-4F60C57430F6}.Debug|Any CPU.Build.0 = Debug|Any CPU
		{BDD4A02C-3D38-4E70-8A43-4F60C57430F6}.Release|Any CPU.ActiveCfg = Release|Any CPU
		{BDD4A02C-3D38-4E70-8A43-4F60C57430F6}.Release|Any CPU.Build.0 = Release|Any CPU
		{735AEB70-DBEE-4B6E-8710-94DBD386FECE}.Debug|Any CPU.ActiveCfg = Debug|Any CPU
		{735AEB70-DBEE-4B6E-8710-94DBD386FECE}.Debug|Any CPU.Build.0 = Debug|Any CPU
		{735AEB70-DBEE-4B6E-8710-94DBD386FECE}.Release|Any CPU.ActiveCfg = Release|Any CPU
		{735AEB70-DBEE-4B6E-8710-94DBD386FECE}.Release|Any CPU.Build.0 = Release|Any CPU
	EndGlobalSection
	GlobalSection(SolutionProperties) = preSolution
		HideSolutionNode = FALSE
	EndGlobalSection
	GlobalSection(ExtensibilityGlobals) = postSolution
		SolutionGuid = {E5B8C5CA-3554-4F12-9CB9-1E7F72A9FDA3}
	EndGlobalSection
EndGlobal
